
Microsoft Visual Studio Solution File, Format Version 12.00
# Visual Studio 15
Project("{FAE04EC0-301F-11D3-BF4B-00C04F79EFBC}") = "VREscapeRoom", "Assembly-CSharp.csproj", "{E3822EFC-003C-7470-2306-EE1B9D4F8062}"
EndProject
Project("{FAE04EC0-301F-11D3-BF4B-00C04F79EFBC}") = "VREscapeRoom", "Assembly-CSharp-Editor.csproj", "{64898363-6E15-EF0F-735E-D06C69808B65}"
EndProject
Global
	GlobalSection(SolutionConfigurationPlatforms) = preSolution
		Debug|Any CPU = Debug|Any CPU
		Release|Any CPU = Release|Any CPU
	EndGlobalSection
	GlobalSection(ProjectConfigurationPlatforms) = postSolution
		{E3822EFC-003C-7470-2306-EE1B9D4F8062}.Debug|Any CPU.ActiveCfg = Debug|Any CPU
		{E3822EFC-003C-7470-2306-EE1B9D4F8062}.Debug|Any CPU.Build.0 = Debug|Any CPU
		{E3822EFC-003C-7470-2306-EE1B9D4F8062}.Release|Any CPU.ActiveCfg = Release|Any CPU
		{E3822EFC-003C-7470-2306-EE1B9D4F8062}.Release|Any CPU.Build.0 = Release|Any CPU
		{64898363-6E15-EF0F-735E-D06C69808B65}.Debug|Any CPU.ActiveCfg = Debug|Any CPU
		{64898363-6E15-EF0F-735E-D06C69808B65}.Debug|Any CPU.Build.0 = Debug|Any CPU
		{64898363-6E15-EF0F-735E-D06C69808B65}.Release|Any CPU.ActiveCfg = Release|Any CPU
		{64898363-6E15-EF0F-735E-D06C69808B65}.Release|Any CPU.Build.0 = Release|Any CPU
	EndGlobalSection
	GlobalSection(SolutionProperties) = preSolution
		HideSolutionNode = FALSE
	EndGlobalSection
EndGlobal
